{
  "name": "ionic-svelte",
  "version": "0.5.73",
  "lockfileVersion": 2,
  "requires": true,
  "packages": {
    "": {
      "name": "ionic-svelte",
      "version": "0.5.73",
      "dependencies": {
        "@ionic/core": "^7.0.2"
      },
      "devDependencies": {
        "svelte": "^3.55.1"
      }
    },
    "node_modules/@ionic/core": {
      "version": "7.0.2",
      "resolved": "https://registry.npmjs.org/@ionic/core/-/core-7.0.2.tgz",
      "integrity": "sha512-GxQsMmsyBGeK9khIPNR3zw3WvDZj3I0inKtPcd/s9hEnfndAlFFI9gckB7/zrp55xoknCRwqAYT8sGWze3sn2w==",
      "dependencies": {
        "@stencil/core": "^3.2.1",
        "ionicons": "^7.1.0",
        "tslib": "^2.1.0"
      }
    },
    "node_modules/@stencil/core": {
      "version": "3.2.1",
      "resolved": "https://registry.npmjs.org/@stencil/core/-/core-3.2.1.tgz",
      "integrity": "sha512-Ybm4NteQBScLq3H0JML/uqo4nWjNpZw1HAAURtR5LlRm7ptzNKO5S8EnHp3m05/uyTzeh9yLpUFHY7bxGNdYLg==",
      "bin": {
        "stencil": "bin/stencil"
      },
      "engines": {
        "node": ">=14.10.0",
        "npm": ">=6.0.0"
      }
    },
    "node_modules/ionicons": {
      "version": "7.1.0",
      "resolved": "https://registry.npmjs.org/ionicons/-/ionicons-7.1.0.tgz",
      "integrity": "sha512-iE4GuEdEHARJpp0sWL7WJZCzNCf5VxpNRhAjW0fLnZPnNL5qZOJUcfup2Z2Ty7Jk8Q5hacrHfGEB1lCwOdXqGg==",
      "dependencies": {
        "@stencil/core": "^2.18.0"
      }
    },
    "node_modules/ionicons/node_modules/@stencil/core": {
      "version": "2.22.3",
      "resolved": "https://registry.npmjs.org/@stencil/core/-/core-2.22.3.tgz",
      "integrity": "sha512-kmVA0M/HojwsfkeHsifvHVIYe4l5tin7J5+DLgtl8h6WWfiMClND5K3ifCXXI2ETDNKiEk21p6jql3Fx9o2rng==",
      "bin": {
        "stencil": "bin/stencil"
      },
      "engines": {
        "node": ">=12.10.0",
        "npm": ">=6.0.0"
      }
    },
    "node_modules/svelte": {
      "version": "3.55.1",
      "resolved": "https://registry.npmjs.org/svelte/-/svelte-3.55.1.tgz",
      "integrity": "sha512-S+87/P0Ve67HxKkEV23iCdAh/SX1xiSfjF1HOglno/YTbSTW7RniICMCofWGdJJbdjw3S+0PfFb1JtGfTXE0oQ==",
      "dev": true,
      "engines": {
        "node": ">= 8"
      }
    },
    "node_modules/tslib": {
      "version": "2.4.1",
      "resolved": "https://registry.npmjs.org/tslib/-/tslib-2.4.1.tgz",
      "integrity": "sha512-tGyy4dAjRIEwI7BzsB0lynWgOpfqjUdq91XXAlIWD2OwKBH7oCl/GZG/HT4BOHrTlPMOASlMQ7veyTqpmRcrNA=="
    }
  },
  "dependencies": {
    "@ionic/core": {
      "version": "7.0.2",
      "resolved": "https://registry.npmjs.org/@ionic/core/-/core-7.0.2.tgz",
      "integrity": "sha512-GxQsMmsyBGeK9khIPNR3zw3WvDZj3I0inKtPcd/s9hEnfndAlFFI9gckB7/zrp55xoknCRwqAYT8sGWze3sn2w==",
      "requires": {
        "@stencil/core": "^3.2.1",
        "ionicons": "^7.1.0",
        "tslib": "^2.1.0"
      }
    },
    "@stencil/core": {
      "version": "3.2.1",
      "resolved": "https://registry.npmjs.org/@stencil/core/-/core-3.2.1.tgz",
      "integrity": "sha512-Ybm4NteQBScLq3H0JML/uqo4nWjNpZw1HAAURtR5LlRm7ptzNKO5S8EnHp3m05/uyTzeh9yLpUFHY7bxGNdYLg=="
    },
    "ionicons": {
      "version": "7.1.0",
      "resolved": "https://registry.npmjs.org/ionicons/-/ionicons-7.1.0.tgz",
      "integrity": "sha512-iE4GuEdEHARJpp0sWL7WJZCzNCf5VxpNRhAjW0fLnZPnNL5qZOJUcfup2Z2Ty7Jk8Q5hacrHfGEB1lCwOdXqGg==",
      "requires": {
        "@stencil/core": "^2.18.0"
      },
      "dependencies": {
        "@stencil/core": {
          "version": "2.22.3",
          "resolved": "https://registry.npmjs.org/@stencil/core/-/core-2.22.3.tgz",
          "integrity": "sha512-kmVA0M/HojwsfkeHsifvHVIYe4l5tin7J5+DLgtl8h6WWfiMClND5K3ifCXXI2ETDNKiEk21p6jql3Fx9o2rng=="
        }
      }
    },
    "svelte": {
      "version": "3.55.1",
      "resolved": "https://registry.npmjs.org/svelte/-/svelte-3.55.1.tgz",
      "integrity": "sha512-S+87/P0Ve67HxKkEV23iCdAh/SX1xiSfjF1HOglno/YTbSTW7RniICMCofWGdJJbdjw3S+0PfFb1JtGfTXE0oQ==",
      "dev": true
    },
    "tslib": {
      "version": "2.4.1",
      "resolved": "https://registry.npmjs.org/tslib/-/tslib-2.4.1.tgz",
      "integrity": "sha512-tGyy4dAjRIEwI7BzsB0lynWgOpfqjUdq91XXAlIWD2OwKBH7oCl/GZG/HT4BOHrTlPMOASlMQ7veyTqpmRcrNA=="
    }
  }
}
