{
  "name": "scripts",
  "lockfileVersion": 2,
  "requires": true,
  "packages": {
    "": {
      "dependencies": {
        "https": "^1.0.0"
      }
    },
    "node_modules/https": {
      "version": "1.0.0",
      "license": "ISC"
    }
  },
  "dependencies": {
    "https": {
      "version": "1.0.0"
    }
  }
}
